github.com/aponte411/data-structures v0.0.0-20201224212650-2a637c11626f h1:HCCAeiE6NRhRpnfVCL3q6abUS1mX6UAAbXF67jTYAOM=
github.com/golang-collections/collections v0.0.0-20130729185459-604e922904d3 h1:zN2lZNZRflqFyxVaTIU61KNKQ9C0055u9CAfpmqUvo4=
github.com/golang-collections/collections v0.0.0-20130729185459-604e922904d3/go.mod h1:nPpo7qLxd6XL3hWJG/O60sR8ZKfMCiIoNap5GvD12KU=
